
Microsoft Visual Studio Solution File, Format Version 12.00
Project("{FAE04EC0-301F-11D3-BF4B-00C04F79EFBC}") = "ApiGatewayService", "ApiGatewayService\ApiGatewayService.csproj", "{625C3DEF-AD1F-48ED-A338-3C6E99101D63}"
EndProject
Project("{FAE04EC0-301F-11D3-BF4B-00C04F79EFBC}") = "AbonentManagementService", "AbonentManagementService\AbonentManagementService.csproj", "{CFA7C023-71AC-4E69-A9BE-652674DD7BDC}"
EndProject
Project("{FAE04EC0-301F-11D3-BF4B-00C04F79EFBC}") = "CRMService", "CRMService\CRMService.csproj", "{AD50F8A9-8C4D-4CFA-94E3-F8F16EA8A9A6}"
EndProject
Project("{FAE04EC0-301F-11D3-BF4B-00C04F79EFBC}") = "ConditionControlService", "ConditionControlService\ConditionControlService.csproj", "{7BA42930-2A5A-4C63-9D6D-D170C695AC84}"
EndProject
Project("{FAE04EC0-301F-11D3-BF4B-00C04F79EFBC}") = "EquipmentSetUpService", "EquipmentSetUpService\EquipmentSetUpService.csproj", "{DB70C542-65DB-4CE7-ADCD-9FB28ED85256}"
EndProject
Project("{FAE04EC0-301F-11D3-BF4B-00C04F79EFBC}") = "BasicStationsCounterService", "BasicStationsCounterService\BasicStationsCounterService.csproj", "{653B6CCE-782E-4114-9851-01539404C068}"
EndProject
Global
	GlobalSection(SolutionConfigurationPlatforms) = preSolution
		Debug|Any CPU = Debug|Any CPU
		Release|Any CPU = Release|Any CPU
	EndGlobalSection
	GlobalSection(ProjectConfigurationPlatforms) = postSolution
		{625C3DEF-AD1F-48ED-A338-3C6E99101D63}.Debug|Any CPU.ActiveCfg = Debug|Any CPU
		{625C3DEF-AD1F-48ED-A338-3C6E99101D63}.Debug|Any CPU.Build.0 = Debug|Any CPU
		{625C3DEF-AD1F-48ED-A338-3C6E99101D63}.Release|Any CPU.ActiveCfg = Release|Any CPU
		{625C3DEF-AD1F-48ED-A338-3C6E99101D63}.Release|Any CPU.Build.0 = Release|Any CPU
		{CFA7C023-71AC-4E69-A9BE-652674DD7BDC}.Debug|Any CPU.ActiveCfg = Debug|Any CPU
		{CFA7C023-71AC-4E69-A9BE-652674DD7BDC}.Debug|Any CPU.Build.0 = Debug|Any CPU
		{CFA7C023-71AC-4E69-A9BE-652674DD7BDC}.Release|Any CPU.ActiveCfg = Release|Any CPU
		{CFA7C023-71AC-4E69-A9BE-652674DD7BDC}.Release|Any CPU.Build.0 = Release|Any CPU
		{AD50F8A9-8C4D-4CFA-94E3-F8F16EA8A9A6}.Debug|Any CPU.ActiveCfg = Debug|Any CPU
		{AD50F8A9-8C4D-4CFA-94E3-F8F16EA8A9A6}.Debug|Any CPU.Build.0 = Debug|Any CPU
		{AD50F8A9-8C4D-4CFA-94E3-F8F16EA8A9A6}.Release|Any CPU.ActiveCfg = Release|Any CPU
		{AD50F8A9-8C4D-4CFA-94E3-F8F16EA8A9A6}.Release|Any CPU.Build.0 = Release|Any CPU
		{7BA42930-2A5A-4C63-9D6D-D170C695AC84}.Debug|Any CPU.ActiveCfg = Debug|Any CPU
		{7BA42930-2A5A-4C63-9D6D-D170C695AC84}.Debug|Any CPU.Build.0 = Debug|Any CPU
		{7BA42930-2A5A-4C63-9D6D-D170C695AC84}.Release|Any CPU.ActiveCfg = Release|Any CPU
		{7BA42930-2A5A-4C63-9D6D-D170C695AC84}.Release|Any CPU.Build.0 = Release|Any CPU
		{DB70C542-65DB-4CE7-ADCD-9FB28ED85256}.Debug|Any CPU.ActiveCfg = Debug|Any CPU
		{DB70C542-65DB-4CE7-ADCD-9FB28ED85256}.Debug|Any CPU.Build.0 = Debug|Any CPU
		{DB70C542-65DB-4CE7-ADCD-9FB28ED85256}.Release|Any CPU.ActiveCfg = Release|Any CPU
		{DB70C542-65DB-4CE7-ADCD-9FB28ED85256}.Release|Any CPU.Build.0 = Release|Any CPU
		{653B6CCE-782E-4114-9851-01539404C068}.Debug|Any CPU.ActiveCfg = Debug|Any CPU
		{653B6CCE-782E-4114-9851-01539404C068}.Debug|Any CPU.Build.0 = Debug|Any CPU
		{653B6CCE-782E-4114-9851-01539404C068}.Release|Any CPU.ActiveCfg = Release|Any CPU
		{653B6CCE-782E-4114-9851-01539404C068}.Release|Any CPU.Build.0 = Release|Any CPU
	EndGlobalSection
EndGlobal
